{
  "name": "nodejs-webserver-websocket-testprojects",
  "version": "1.0.0",
  "lockfileVersion": 1,
  "requires": true,
  "dependencies": {
    "urlify": {
      "version": "0.3.6",
      "resolved": "https://registry.npmjs.org/urlify/-/urlify-0.3.6.tgz",
      "integrity": "sha1-g7tSr17AT2AGtfXyC1Hg2+yF/P8="
    }
  }
}
